{
  "name": "GameBoard-Maker",
  "lockfileVersion": 3,
  "requires": true,
  "packages": {
    "": {
      "dependencies": {
        "reejs": "^0.20.1"
      }
    },
    "node_modules/@reejs/imports": {
      "version": "2.12.1",
      "resolved": "https://registry.npmjs.org/@reejs/imports/-/imports-2.12.1.tgz",
      "integrity": "sha512-ZiPSkaHTkPzkciVKXo80K2ZXsp0Q0QHRs/fRMJiRO9baBvgrf+AijsUsVVgiVMLez6Z/u4jvqjg2QoLqDpbMYQ==",
      "dependencies": {
        "@reejs/utils": "latest"
      }
    },
    "node_modules/@reejs/server": {
      "version": "0.20.1",
      "resolved": "https://registry.npmjs.org/@reejs/server/-/server-0.20.1.tgz",
      "integrity": "sha512-mn1RSdF1Xrp0w6uwwNJfOSkh2CuJeNsu1iOnEthVJYa69UgOIgrFJUYixwQYCEyztn0Lf+t9aAqwbQTEPdvrrA=="
    },
    "node_modules/@reejs/utils": {
      "version": "1.11.1",
      "resolved": "https://registry.npmjs.org/@reejs/utils/-/utils-1.11.1.tgz",
      "integrity": "sha512-4QuF5wAPexq3DIaYG1zDNDXSuoflvSMOaRwRQZBYMaRnnoulzWuUIpqF965oWSJr8foZEnrbubJG2GKXYrWn4g==",
      "dependencies": {
        "@reejs/imports": "*"
      }
    },
    "node_modules/pathe": {
      "version": "1.1.2",
      "resolved": "https://registry.npmjs.org/pathe/-/pathe-1.1.2.tgz",
      "integrity": "sha512-whLdWMYL2TwI08hn8/ZqAbrVemu0LNaNNJZX73O6qaIdCTfXutsLhMkjdENX0qhsQ9uIimo4/aQOmXkoon2nDQ=="
    },
    "node_modules/reejs": {
      "version": "0.20.1",
      "resolved": "https://registry.npmjs.org/reejs/-/reejs-0.20.1.tgz",
      "integrity": "sha512-q7fChcg1Z9TIifkMM4M75Sa59acrmtZVdb5u3eVX1rBAVMSEs8WfJYRuEUpUsRC3sCDtWbE2wNHdBYAJ4tV1nA==",
      "dependencies": {
        "@reejs/imports": "2.12.1",
        "@reejs/server": "0.20.1",
        "@reejs/utils": "1.11.1",
        "pathe": "^1.1.1"
      },
      "bin": {
        "reejs": "src/cli/index.js"
      }
    }
  }
}
